// !$*UTF8*$!
{
	archiveVersion = 1;
	classes = {
	};
	objectVersion = 50;
	objects = {

/* Begin PBXBuildFile section */
		D8EAD9D826A5DAE000F27DED /* AppDelegate.swift in Sources */ = {isa = PBXBuildFile; fileRef = D8EAD9D726A5DAE000F27DED /* AppDelegate.swift */; };
		D8EAD9DA26A5DAE000F27DED /* SceneDelegate.swift in Sources */ = {isa = PBXBuildFile; fileRef = D8EAD9D926A5DAE000F27DED /* SceneDelegate.swift */; };
		D8EAD9DC26A5DAE000F27DED /* ViewController.swift in Sources */ = {isa = PBXBuildFile; fileRef = D8EAD9DB26A5DAE000F27DED /* ViewController.swift */; };
		D8EAD9DF26A5DAE000F27DED /* Main.storyboard in Resources */ = {isa = PBXBuildFile; fileRef = D8EAD9DD26A5DAE000F27DED /* Main.storyboard */; };
		D8EAD9E226A5DAE000F27DED /* StoryBook.xcdatamodeld in Sources */ = {isa = PBXBuildFile; fileRef = D8EAD9E026A5DAE000F27DED /* StoryBook.xcdatamodeld */; };
		D8EAD9E426A5DAE700F27DED /* Assets.xcassets in Resources */ = {isa = PBXBuildFile; fileRef = D8EAD9E326A5DAE700F27DED /* Assets.xcassets */; };
		D8EAD9E726A5DAE700F27DED /* LaunchScreen.storyboard in Resources */ = {isa = PBXBuildFile; fileRef = D8EAD9E526A5DAE700F27DED /* LaunchScreen.storyboard */; };
		D8EAD9F226A5DAE700F27DED /* StoryBookTests.swift in Sources */ = {isa = PBXBuildFile; fileRef = D8EAD9F126A5DAE700F27DED /* StoryBookTests.swift */; };
		D8EAD9FD26A5DAE800F27DED /* StoryBookUITests.swift in Sources */ = {isa = PBXBuildFile; fileRef = D8EAD9FC26A5DAE800F27DED /* StoryBookUITests.swift */; };
/* End PBXBuildFile section */

/* Begin PBXContainerItemProxy section */
		D8EAD9EE26A5DAE700F27DED /* PBXContainerItemProxy */ = {
			isa = PBXContainerItemProxy;
			containerPortal = D8EAD9CC26A5DAE000F27DED /* Project object */;
			proxyType = 1;
			remoteGlobalIDString = D8EAD9D326A5DAE000F27DED;
			remoteInfo = StoryBook;
		};
		D8EAD9F926A5DAE800F27DED /* PBXContainerItemProxy */ = {
			isa = PBXContainerItemProxy;
			containerPortal = D8EAD9CC26A5DAE000F27DED /* Project object */;
			proxyType = 1;
			remoteGlobalIDString = D8EAD9D326A5DAE000F27DED;
			remoteInfo = StoryBook;
		};
/* End PBXContainerItemProxy section */

/* Begin PBXFileReference section */
		D8EAD9D426A5DAE000F27DED /* StoryBook.app */ = {isa = PBXFileReference; explicitFileType = wrapper.application; includeInIndex = 0; path = StoryBook.app; sourceTree = BUILT_PRODUCTS_DIR; };
		D8EAD9D726A5DAE000F27DED /* AppDelegate.swift */ = {isa = PBXFileReference; lastKnownFileType = sourcecode.swift; path = AppDelegate.swift; sourceTree = "<group>"; };
		D8EAD9D926A5DAE000F27DED /* SceneDelegate.swift */ = {isa = PBXFileReference; lastKnownFileType = sourcecode.swift; path = SceneDelegate.swift; sourceTree = "<group>"; };
		D8EAD9DB26A5DAE000F27DED /* ViewController.swift */ = {isa = PBXFileReference; lastKnownFileType = sourcecode.swift; path = ViewController.swift; sourceTree = "<group>"; };
		D8EAD9DE26A5DAE000F27DED /* Base */ = {isa = PBXFileReference; lastKnownFileType = file.storyboard; name = Base; path = Base.lproj/Main.storyboard; sourceTree = "<group>"; };
		D8EAD9E126A5DAE000F27DED /* StoryBook.xcdatamodel */ = {isa = PBXFileReference; lastKnownFileType = wrapper.xcdatamodel; path = StoryBook.xcdatamodel; sourceTree = "<group>"; };
		D8EAD9E326A5DAE700F27DED /* Assets.xcassets */ = {isa = PBXFileReference; lastKnownFileType = folder.assetcatalog; path = Assets.xcassets; sourceTree = "<group>"; };
		D8EAD9E626A5DAE700F27DED /* Base */ = {isa = PBXFileReference; lastKnownFileType = file.storyboard; name = Base; path = Base.lproj/LaunchScreen.storyboard; sourceTree = "<group>"; };
		D8EAD9E826A5DAE700F27DED /* Info.plist */ = {isa = PBXFileReference; lastKnownFileType = text.plist.xml; path = Info.plist; sourceTree = "<group>"; };
		D8EAD9ED26A5DAE700F27DED /* StoryBookTests.xctest */ = {isa = PBXFileReference; explicitFileType = wrapper.cfbundle; includeInIndex = 0; path = StoryBookTests.xctest; sourceTree = BUILT_PRODUCTS_DIR; };
		D8EAD9F126A5DAE700F27DED /* StoryBookTests.swift */ = {isa = PBXFileReference; lastKnownFileType = sourcecode.swift; path = StoryBookTests.swift; sourceTree = "<group>"; };
		D8EAD9F326A5DAE800F27DED /* Info.plist */ = {isa = PBXFileReference; lastKnownFileType = text.plist.xml; path = Info.plist; sourceTree = "<group>"; };
		D8EAD9F826A5DAE800F27DED /* StoryBookUITests.xctest */ = {isa = PBXFileReference; explicitFileType = wrapper.cfbundle; includeInIndex = 0; path = StoryBookUITests.xctest; sourceTree = BUILT_PRODUCTS_DIR; };
		D8EAD9FC26A5DAE800F27DED /* StoryBookUITests.swift */ = {isa = PBXFileReference; lastKnownFileType = sourcecode.swift; path = StoryBookUITests.swift; sourceTree = "<group>"; };
		D8EAD9FE26A5DAE800F27DED /* Info.plist */ = {isa = PBXFileReference; lastKnownFileType = text.plist.xml; path = Info.plist; sourceTree = "<group>"; };
/* End PBXFileReference section */

/* Begin PBXFrameworksBuildPhase section */
		D8EAD9D126A5DAE000F27DED /* Frameworks */ = {
			isa = PBXFrameworksBuildPhase;
			buildActionMask = 2147483647;
			files = (
			);
			runOnlyForDeploymentPostprocessing = 0;
		};
		D8EAD9EA26A5DAE700F27DED /* Frameworks */ = {
			isa = PBXFrameworksBuildPhase;
			buildActionMask = 2147483647;
			files = (
			);
			runOnlyForDeploymentPostprocessing = 0;
		};
		D8EAD9F526A5DAE800F27DED /* Frameworks */ = {
			isa = PBXFrameworksBuildPhase;
			buildActionMask = 2147483647;
			files = (
			);
			runOnlyForDeploymentPostprocessing = 0;
		};
/* End PBXFrameworksBuildPhase section */

/* Begin PBXGroup section */
		D8EAD9CB26A5DAE000F27DED = {
			isa = PBXGroup;
			children = (
				D8EAD9D626A5DAE000F27DED /* StoryBook */,
				D8EAD9F026A5DAE700F27DED /* StoryBookTests */,
				D8EAD9FB26A5DAE800F27DED /* StoryBookUITests */,
				D8EAD9D526A5DAE000F27DED /* Products */,
			);
			sourceTree = "<group>";
		};
		D8EAD9D526A5DAE000F27DED /* Products */ = {
			isa = PBXGroup;
			children = (
				D8EAD9D426A5DAE000F27DED /* StoryBook.app */,
				D8EAD9ED26A5DAE700F27DED /* StoryBookTests.xctest */,
				D8EAD9F826A5DAE800F27DED /* StoryBookUITests.xctest */,
			);
			name = Products;
			sourceTree = "<group>";
		};
		D8EAD9D626A5DAE000F27DED /* StoryBook */ = {
			isa = PBXGroup;
			children = (
				D8EAD9D726A5DAE000F27DED /* AppDelegate.swift */,
				D8EAD9D926A5DAE000F27DED /* SceneDelegate.swift */,
				D8EAD9DB26A5DAE000F27DED /* ViewController.swift */,
				D8EAD9DD26A5DAE000F27DED /* Main.storyboard */,
				D8EAD9E326A5DAE700F27DED /* Assets.xcassets */,
				D8EAD9E526A5DAE700F27DED /* LaunchScreen.storyboard */,
				D8EAD9E826A5DAE700F27DED /* Info.plist */,
				D8EAD9E026A5DAE000F27DED /* StoryBook.xcdatamodeld */,
			);
			path = StoryBook;
			sourceTree = "<group>";
		};
		D8EAD9F026A5DAE700F27DED /* StoryBookTests */ = {
			isa = PBXGroup;
			children = (
				D8EAD9F126A5DAE700F27DED /* StoryBookTests.swift */,
				D8EAD9F326A5DAE800F27DED /* Info.plist */,
			);
			path = StoryBookTests;
			sourceTree = "<group>";
		};
		D8EAD9FB26A5DAE800F27DED /* StoryBookUITests */ = {
			isa = PBXGroup;
			children = (
				D8EAD9FC26A5DAE800F27DED /* StoryBookUITests.swift */,
				D8EAD9FE26A5DAE800F27DED /* Info.plist */,
			);
			path = StoryBookUITests;
			sourceTree = "<group>";
		};
/* End PBXGroup section */

/* Begin PBXNativeTarget section */
		D8EAD9D326A5DAE000F27DED /* StoryBook */ = {
			isa = PBXNativeTarget;
			buildConfigurationList = D8EADA0126A5DAE800F27DED /* Build configuration list for PBXNativeTarget "StoryBook" */;
			buildPhases = (
				D8EAD9D026A5DAE000F27DED /* Sources */,
				D8EAD9D126A5DAE000F27DED /* Frameworks */,
				D8EAD9D226A5DAE000F27DED /* Resources */,
			);
			buildRules = (
			);
			dependencies = (
			);
			name = StoryBook;
			productName = StoryBook;
			productReference = D8EAD9D426A5DAE000F27DED /* StoryBook.app */;
			productType = "com.apple.product-type.application";
		};
		D8EAD9EC26A5DAE700F27DED /* StoryBookTests */ = {
			isa = PBXNativeTarget;
			buildConfigurationList = D8EADA0426A5DAE800F27DED /* Build configuration list for PBXNativeTarget "StoryBookTests" */;
			buildPhases = (
				D8EAD9E926A5DAE700F27DED /* Sources */,
				D8EAD9EA26A5DAE700F27DED /* Frameworks */,
				D8EAD9EB26A5DAE700F27DED /* Resources */,
			);
			buildRules = (
			);
			dependencies = (
				D8EAD9EF26A5DAE700F27DED /* PBXTargetDependency */,
			);
			name = StoryBookTests;
			productName = StoryBookTests;
			productReference = D8EAD9ED26A5DAE700F27DED /* StoryBookTests.xctest */;
			productType = "com.apple.product-type.bundle.unit-test";
		};
		D8EAD9F726A5DAE800F27DED /* StoryBookUITests */ = {
			isa = PBXNativeTarget;
			buildConfigurationList = D8EADA0726A5DAE800F27DED /* Build configuration list for PBXNativeTarget "StoryBookUITests" */;
			buildPhases = (
				D8EAD9F426A5DAE800F27DED /* Sources */,
				D8EAD9F526A5DAE800F27DED /* Frameworks */,
				D8EAD9F626A5DAE800F27DED /* Resources */,
			);
			buildRules = (
			);
			dependencies = (
				D8EAD9FA26A5DAE800F27DED /* PBXTargetDependency */,
			);
			name = StoryBookUITests;
			productName = StoryBookUITests;
			productReference = D8EAD9F826A5DAE800F27DED /* StoryBookUITests.xctest */;
			productType = "com.apple.product-type.bundle.ui-testing";
		};
/* End PBXNativeTarget section */

/* Begin PBXProject section */
		D8EAD9CC26A5DAE000F27DED /* Project object */ = {
			isa = PBXProject;
			attributes = {
				LastSwiftUpdateCheck = 1250;
				LastUpgradeCheck = 1250;
				TargetAttributes = {
					D8EAD9D326A5DAE000F27DED = {
						CreatedOnToolsVersion = 12.5;
					};
					D8EAD9EC26A5DAE700F27DED = {
						CreatedOnToolsVersion = 12.5;
						TestTargetID = D8EAD9D326A5DAE000F27DED;
					};
					D8EAD9F726A5DAE800F27DED = {
						CreatedOnToolsVersion = 12.5;
						TestTargetID = D8EAD9D326A5DAE000F27DED;
					};
				};
			};
			buildConfigurationList = D8EAD9CF26A5DAE000F27DED /* Build configuration list for PBXProject "StoryBook" */;
			compatibilityVersion = "Xcode 9.3";
			developmentRegion = en;
			hasScannedForEncodings = 0;
			knownRegions = (
				en,
				Base,
			);
			mainGroup = D8EAD9CB26A5DAE000F27DED;
			productRefGroup = D8EAD9D526A5DAE000F27DED /* Products */;
			projectDirPath = "";
			projectRoot = "";
			targets = (
				D8EAD9D326A5DAE000F27DED /* StoryBook */,
				D8EAD9EC26A5DAE700F27DED /* StoryBookTests */,
				D8EAD9F726A5DAE800F27DED /* StoryBookUITests */,
			);
		};
/* End PBXProject section */

/* Begin PBXResourcesBuildPhase section */
		D8EAD9D226A5DAE000F27DED /* Resources */ = {
			isa = PBXResourcesBuildPhase;
			buildActionMask = 2147483647;
			files = (
				D8EAD9E726A5DAE700F27DED /* LaunchScreen.storyboard in Resources */,
				D8EAD9E426A5DAE700F27DED /* Assets.xcassets in Resources */,
				D8EAD9DF26A5DAE000F27DED /* Main.storyboard in Resources */,
			);
			runOnlyForDeploymentPostprocessing = 0;
		};
		D8EAD9EB26A5DAE700F27DED /* Resources */ = {
			isa = PBXResourcesBuildPhase;
			buildActionMask = 2147483647;
			files = (
			);
			runOnlyForDeploymentPostprocessing = 0;
		};
		D8EAD9F626A5DAE800F27DED /* Resources */ = {
			isa = PBXResourcesBuildPhase;
			buildActionMask = 2147483647;
			files = (
			);
			runOnlyForDeploymentPostprocessing = 0;
		};
/* End PBXResourcesBuildPhase section */

/* Begin PBXSourcesBuildPhase section */
		D8EAD9D026A5DAE000F27DED /* Sources */ = {
			isa = PBXSourcesBuildPhase;
			buildActionMask = 2147483647;
			files = (
				D8EAD9DC26A5DAE000F27DED /* ViewController.swift in Sources */,
				D8EAD9D826A5DAE000F27DED /* AppDelegate.swift in Sources */,
				D8EAD9E226A5DAE000F27DED /* StoryBook.xcdatamodeld in Sources */,
				D8EAD9DA26A5DAE000F27DED /* SceneDelegate.swift in Sources */,
			);
			runOnlyForDeploymentPostprocessing = 0;
		};
		D8EAD9E926A5DAE700F27DED /* Sources */ = {
			isa = PBXSourcesBuildPhase;
			buildActionMask = 2147483647;
			files = (
				D8EAD9F226A5DAE700F27DED /* StoryBookTests.swift in Sources */,
			);
			runOnlyForDeploymentPostprocessing = 0;
		};
		D8EAD9F426A5DAE800F27DED /* Sources */ = {
			isa = PBXSourcesBuildPhase;
			buildActionMask = 2147483647;
			files = (
				D8EAD9FD26A5DAE800F27DED /* StoryBookUITests.swift in Sources */,
			);
			runOnlyForDeploymentPostprocessing = 0;
		};
/* End PBXSourcesBuildPhase section */

/* Begin PBXTargetDependency section */
		D8EAD9EF26A5DAE700F27DED /* PBXTargetDependency */ = {
			isa = PBXTargetDependency;
			target = D8EAD9D326A5DAE000F27DED /* StoryBook */;
			targetProxy = D8EAD9EE26A5DAE700F27DED /* PBXContainerItemProxy */;
		};
		D8EAD9FA26A5DAE800F27DED /* PBXTargetDependency */ = {
			isa = PBXTargetDependency;
			target = D8EAD9D326A5DAE000F27DED /* StoryBook */;
			targetProxy = D8EAD9F926A5DAE800F27DED /* PBXContainerItemProxy */;
		};
/* End PBXTargetDependency section */

/* Begin PBXVariantGroup section */
		D8EAD9DD26A5DAE000F27DED /* Main.storyboard */ = {
			isa = PBXVariantGroup;
			children = (
				D8EAD9DE26A5DAE000F27DED /* Base */,
			);
			name = Main.storyboard;
			sourceTree = "<group>";
		};
		D8EAD9E526A5DAE700F27DED /* LaunchScreen.storyboard */ = {
			isa = PBXVariantGroup;
			children = (
				D8EAD9E626A5DAE700F27DED /* Base */,
			);
			name = LaunchScreen.storyboard;
			sourceTree = "<group>";
		};
/* End PBXVariantGroup section */

/* Begin XCBuildConfiguration section */
		D8EAD9FF26A5DAE800F27DED /* Debug */ = {
			isa = XCBuildConfiguration;
			buildSettings = {
				ALWAYS_SEARCH_USER_PATHS = NO;
				CLANG_ANALYZER_NONNULL = YES;
				CLANG_ANALYZER_NUMBER_OBJECT_CONVERSION = YES_AGGRESSIVE;
				CLANG_CXX_LANGUAGE_STANDARD = "gnu++14";
				CLANG_CXX_LIBRARY = "libc++";
				CLANG_ENABLE_MODULES = YES;
				CLANG_ENABLE_OBJC_ARC = YES;
				CLANG_ENABLE_OBJC_WEAK = YES;
				CLANG_WARN_BLOCK_CAPTURE_AUTORELEASING = YES;
				CLANG_WARN_BOOL_CONVERSION = YES;
				CLANG_WARN_COMMA = YES;
				CLANG_WARN_CONSTANT_CONVERSION = YES;
				CLANG_WARN_DEPRECATED_OBJC_IMPLEMENTATIONS = YES;
				CLANG_WARN_DIRECT_OBJC_ISA_USAGE = YES_ERROR;
				CLANG_WARN_DOCUMENTATION_COMMENTS = YES;
				CLANG_WARN_EMPTY_BODY = YES;
				CLANG_WARN_ENUM_CONVERSION = YES;
				CLANG_WARN_INFINITE_RECURSION = YES;
				CLANG_WARN_INT_CONVERSION = YES;
				CLANG_WARN_NON_LITERAL_NULL_CONVERSION = YES;
				CLANG_WARN_OBJC_IMPLICIT_RETAIN_SELF = YES;
				CLANG_WARN_OBJC_LITERAL_CONVERSION = YES;
				CLANG_WARN_OBJC_ROOT_CLASS = YES_ERROR;
				CLANG_WARN_QUOTED_INCLUDE_IN_FRAMEWORK_HEADER = YES;
				CLANG_WARN_RANGE_LOOP_ANALYSIS = YES;
				CLANG_WARN_STRICT_PROTOTYPES = YES;
				CLANG_WARN_SUSPICIOUS_MOVE = YES;
				CLANG_WARN_UNGUARDED_AVAILABILITY = YES_AGGRESSIVE;
				CLANG_WARN_UNREACHABLE_CODE = YES;
				CLANG_WARN__DUPLICATE_METHOD_MATCH = YES;
				COPY_PHASE_STRIP = NO;
				DEBUG_INFORMATION_FORMAT = dwarf;
				ENABLE_STRICT_OBJC_MSGSEND = YES;
				ENABLE_TESTABILITY = YES;
				GCC_C_LANGUAGE_STANDARD = gnu11;
				GCC_DYNAMIC_NO_PIC = NO;
				GCC_NO_COMMON_BLOCKS = YES;
				GCC_OPTIMIZATION_LEVEL = 0;
				GCC_PREPROCESSOR_DEFINITIONS = (
					"DEBUG=1",
					"$(inherited)",
				);
				GCC_WARN_64_TO_32_BIT_CONVERSION = YES;
				GCC_WARN_ABOUT_RETURN_TYPE = YES_ERROR;
				GCC_WARN_UNDECLARED_SELECTOR = YES;
				GCC_WARN_UNINITIALIZED_AUTOS = YES_AGGRESSIVE;
				GCC_WARN_UNUSED_FUNCTION = YES;
				GCC_WARN_UNUSED_VARIABLE = YES;
				IPHONEOS_DEPLOYMENT_TARGET = 14.5;
				MTL_ENABLE_DEBUG_INFO = INCLUDE_SOURCE;
				MTL_FAST_MATH = YES;
				ONLY_ACTIVE_ARCH = YES;
				SDKROOT = iphoneos;
				SWIFT_ACTIVE_COMPILATION_CONDITIONS = DEBUG;
				SWIFT_OPTIMIZATION_LEVEL = "-Onone";
			};
			name = Debug;
		};
		D8EADA0026A5DAE800F27DED /* Release */ = {
			isa = XCBuildConfiguration;
			buildSettings = {
				ALWAYS_SEARCH_USER_PATHS = NO;
				CLANG_ANALYZER_NONNULL = YES;
				CLANG_ANALYZER_NUMBER_OBJECT_CONVERSION = YES_AGGRESSIVE;
				CLANG_CXX_LANGUAGE_STANDARD = "gnu++14";
				CLANG_CXX_LIBRARY = "libc++";
				CLANG_ENABLE_MODULES = YES;
				CLANG_ENABLE_OBJC_ARC = YES;
				CLANG_ENABLE_OBJC_WEAK = YES;
				CLANG_WARN_BLOCK_CAPTURE_AUTORELEASING = YES;
				CLANG_WARN_BOOL_CONVERSION = YES;
				CLANG_WARN_COMMA = YES;
				CLANG_WARN_CONSTANT_CONVERSION = YES;
				CLANG_WARN_DEPRECATED_OBJC_IMPLEMENTATIONS = YES;
				CLANG_WARN_DIRECT_OBJC_ISA_USAGE = YES_ERROR;
				CLANG_WARN_DOCUMENTATION_COMMENTS = YES;
				CLANG_WARN_EMPTY_BODY = YES;
				CLANG_WARN_ENUM_CONVERSION = YES;
				CLANG_WARN_INFINITE_RECURSION = YES;
				CLANG_WARN_INT_CONVERSION = YES;
				CLANG_WARN_NON_LITERAL_NULL_CONVERSION = YES;
				CLANG_WARN_OBJC_IMPLICIT_RETAIN_SELF = YES;
				CLANG_WARN_OBJC_LITERAL_CONVERSION = YES;
				CLANG_WARN_OBJC_ROOT_CLASS = YES_ERROR;
				CLANG_WARN_QUOTED_INCLUDE_IN_FRAMEWORK_HEADER = YES;
				CLANG_WARN_RANGE_LOOP_ANALYSIS = YES;
				CLANG_WARN_STRICT_PROTOTYPES = YES;
				CLANG_WARN_SUSPICIOUS_MOVE = YES;
				CLANG_WARN_UNGUARDED_AVAILABILITY = YES_AGGRESSIVE;
				CLANG_WARN_UNREACHABLE_CODE = YES;
				CLANG_WARN__DUPLICATE_METHOD_MATCH = YES;
				COPY_PHASE_STRIP = NO;
				DEBUG_INFORMATION_FORMAT = "dwarf-with-dsym";
				ENABLE_NS_ASSERTIONS = NO;
				ENABLE_STRICT_OBJC_MSGSEND = YES;
				GCC_C_LANGUAGE_STANDARD = gnu11;
				GCC_NO_COMMON_BLOCKS = YES;
				GCC_WARN_64_TO_32_BIT_CONVERSION = YES;
				GCC_WARN_ABOUT_RETURN_TYPE = YES_ERROR;
				GCC_WARN_UNDECLARED_SELECTOR = YES;
				GCC_WARN_UNINITIALIZED_AUTOS = YES_AGGRESSIVE;
				GCC_WARN_UNUSED_FUNCTION = YES;
				GCC_WARN_UNUSED_VARIABLE = YES;
				IPHONEOS_DEPLOYMENT_TARGET = 14.5;
				MTL_ENABLE_DEBUG_INFO = NO;
				MTL_FAST_MATH = YES;
				SDKROOT = iphoneos;
				SWIFT_COMPILATION_MODE = wholemodule;
				SWIFT_OPTIMIZATION_LEVEL = "-O";
				VALIDATE_PRODUCT = YES;
			};
			name = Release;
		};
		D8EADA0226A5DAE800F27DED /* Debug */ = {
			isa = XCBuildConfiguration;
			buildSettings = {
				ASSETCATALOG_COMPILER_APPICON_NAME = AppIcon;
				ASSETCATALOG_COMPILER_GLOBAL_ACCENT_COLOR_NAME = AccentColor;
				CODE_SIGN_STYLE = Automatic;
				INFOPLIST_FILE = StoryBook/Info.plist;
				LD_RUNPATH_SEARCH_PATHS = (
					"$(inherited)",
					"@executable_path/Frameworks",
				);
				PRODUCT_BUNDLE_IDENTIFIER = com.hexianchen.StoryBook;
				PRODUCT_NAME = "$(TARGET_NAME)";
				SWIFT_VERSION = 5.0;
				TARGETED_DEVICE_FAMILY = "1,2";
			};
			name = Debug;
		};
		D8EADA0326A5DAE800F27DED /* Release */ = {
			isa = XCBuildConfiguration;
			buildSettings = {
				ASSETCATALOG_COMPILER_APPICON_NAME = AppIcon;
				ASSETCATALOG_COMPILER_GLOBAL_ACCENT_COLOR_NAME = AccentColor;
				CODE_SIGN_STYLE = Automatic;
				INFOPLIST_FILE = StoryBook/Info.plist;
				LD_RUNPATH_SEARCH_PATHS = (
					"$(inherited)",
					"@executable_path/Frameworks",
				);
				PRODUCT_BUNDLE_IDENTIFIER = com.hexianchen.StoryBook;
				PRODUCT_NAME = "$(TARGET_NAME)";
				SWIFT_VERSION = 5.0;
				TARGETED_DEVICE_FAMILY = "1,2";
			};
			name = Release;
		};
		D8EADA0526A5DAE800F27DED /* Debug */ = {
			isa = XCBuildConfiguration;
			buildSettings = {
				ALWAYS_EMBED_SWIFT_STANDARD_LIBRARIES = YES;
				BUNDLE_LOADER = "$(TEST_HOST)";
				CODE_SIGN_STYLE = Automatic;
				INFOPLIST_FILE = StoryBookTests/Info.plist;
				IPHONEOS_DEPLOYMENT_TARGET = 14.5;
				LD_RUNPATH_SEARCH_PATHS = (
					"$(inherited)",
					"@executable_path/Frameworks",
					"@loader_path/Frameworks",
				);
				PRODUCT_BUNDLE_IDENTIFIER = com.hexianchen.StoryBookTests;
				PRODUCT_NAME = "$(TARGET_NAME)";
				SWIFT_VERSION = 5.0;
				TARGETED_DEVICE_FAMILY = "1,2";
				TEST_HOST = "$(BUILT_PRODUCTS_DIR)/StoryBook.app/StoryBook";
			};
			name = Debug;
		};
		D8EADA0626A5DAE800F27DED /* Release */ = {
			isa = XCBuildConfiguration;
			buildSettings = {
				ALWAYS_EMBED_SWIFT_STANDARD_LIBRARIES = YES;
				BUNDLE_LOADER = "$(TEST_HOST)";
				CODE_SIGN_STYLE = Automatic;
				INFOPLIST_FILE = StoryBookTests/Info.plist;
				IPHONEOS_DEPLOYMENT_TARGET = 14.5;
				LD_RUNPATH_SEARCH_PATHS = (
					"$(inherited)",
					"@executable_path/Frameworks",
					"@loader_path/Frameworks",
				);
				PRODUCT_BUNDLE_IDENTIFIER = com.hexianchen.StoryBookTests;
				PRODUCT_NAME = "$(TARGET_NAME)";
				SWIFT_VERSION = 5.0;
				TARGETED_DEVICE_FAMILY = "1,2";
				TEST_HOST = "$(BUILT_PRODUCTS_DIR)/StoryBook.app/StoryBook";
			};
			name = Release;
		};
		D8EADA0826A5DAE800F27DED /* Debug */ = {
			isa = XCBuildConfiguration;
			buildSettings = {
				ALWAYS_EMBED_SWIFT_STANDARD_LIBRARIES = YES;
				CODE_SIGN_STYLE = Automatic;
				INFOPLIST_FILE = StoryBookUITests/Info.plist;
				LD_RUNPATH_SEARCH_PATHS = (
					"$(inherited)",
					"@executable_path/Frameworks",
					"@loader_path/Frameworks",
				);
				PRODUCT_BUNDLE_IDENTIFIER = com.hexianchen.StoryBookUITests;
				PRODUCT_NAME = "$(TARGET_NAME)";
				SWIFT_VERSION = 5.0;
				TARGETED_DEVICE_FAMILY = "1,2";
				TEST_TARGET_NAME = StoryBook;
			};
			name = Debug;
		};
		D8EADA0926A5DAE800F27DED /* Release */ = {
			isa = XCBuildConfiguration;
			buildSettings = {
				ALWAYS_EMBED_SWIFT_STANDARD_LIBRARIES = YES;
				CODE_SIGN_STYLE = Automatic;
				INFOPLIST_FILE = StoryBookUITests/Info.plist;
				LD_RUNPATH_SEARCH_PATHS = (
					"$(inherited)",
					"@executable_path/Frameworks",
					"@loader_path/Frameworks",
				);
				PRODUCT_BUNDLE_IDENTIFIER = com.hexianchen.StoryBookUITests;
				PRODUCT_NAME = "$(TARGET_NAME)";
				SWIFT_VERSION = 5.0;
				TARGETED_DEVICE_FAMILY = "1,2";
				TEST_TARGET_NAME = StoryBook;
			};
			name = Release;
		};
/* End XCBuildConfiguration section */

/* Begin XCConfigurationList section */
		D8EAD9CF26A5DAE000F27DED /* Build configuration list for PBXProject "StoryBook" */ = {
			isa = XCConfigurationList;
			buildConfigurations = (
				D8EAD9FF26A5DAE800F27DED /* Debug */,
				D8EADA0026A5DAE800F27DED /* Release */,
			);
			defaultConfigurationIsVisible = 0;
			defaultConfigurationName = Release;
		};
		D8EADA0126A5DAE800F27DED /* Build configuration list for PBXNativeTarget "StoryBook" */ = {
			isa = XCConfigurationList;
			buildConfigurations = (
				D8EADA0226A5DAE800F27DED /* Debug */,
				D8EADA0326A5DAE800F27DED /* Release */,
			);
			defaultConfigurationIsVisible = 0;
			defaultConfigurationName = Release;
		};
		D8EADA0426A5DAE800F27DED /* Build configuration list for PBXNativeTarget "StoryBookTests" */ = {
			isa = XCConfigurationList;
			buildConfigurations = (
				D8EADA0526A5DAE800F27DED /* Debug */,
				D8EADA0626A5DAE800F27DED /* Release */,
			);
			defaultConfigurationIsVisible = 0;
			defaultConfigurationName = Release;
		};
		D8EADA0726A5DAE800F27DED /* Build configuration list for PBXNativeTarget "StoryBookUITests" */ = {
			isa = XCConfigurationList;
			buildConfigurations = (
				D8EADA0826A5DAE800F27DED /* Debug */,
				D8EADA0926A5DAE800F27DED /* Release */,
			);
			defaultConfigurationIsVisible = 0;
			defaultConfigurationName = Release;
		};
/* End XCConfigurationList section */

/* Begin XCVersionGroup section */
		D8EAD9E026A5DAE000F27DED /* StoryBook.xcdatamodeld */ = {
			isa = XCVersionGroup;
			children = (
				D8EAD9E126A5DAE000F27DED /* StoryBook.xcdatamodel */,
			);
			currentVersion = D8EAD9E126A5DAE000F27DED /* StoryBook.xcdatamodel */;
			path = StoryBook.xcdatamodeld;
			sourceTree = "<group>";
			versionGroupType = wrapper.xcdatamodel;
		};
/* End XCVersionGroup section */
	};
	rootObject = D8EAD9CC26A5DAE000F27DED /* Project object */;
}
